// !$*UTF8*$!
{
	archiveVersion = 1;
	classes = {
	};
	objectVersion = 46;
	objects = {

/* Begin PBXBuildFile section */
		32065E2C2194C9B200A29263 /* TTGameModel+NestedTypes.swift in Sources */ = {isa = PBXBuildFile; fileRef = 32065E2B2194C9B200A29263 /* TTGameModel+NestedTypes.swift */; };
		3249ADE82247A308006BC44B /* MLStepCostPredictor.mlmodel in Sources */ = {isa = PBXBuildFile; fileRef = 3249ADE72247A308006BC44B /* MLStepCostPredictor.mlmodel */; };
		32506CFB224547B5006C76E7 /* ModelBridge.h in Headers */ = {isa = PBXBuildFile; fileRef = 32506CF9224547B5006C76E7 /* ModelBridge.h */; settings = {ATTRIBUTES = (Public, ); }; };
		32506CFF224547C1006C76E7 /* TTGameModel.swift in Sources */ = {isa = PBXBuildFile; fileRef = A6EBBCD01E674EB1008CC914 /* TTGameModel.swift */; };
		32506D00224547C1006C76E7 /* TTGameModel+NestedTypes.swift in Sources */ = {isa = PBXBuildFile; fileRef = 32065E2B2194C9B200A29263 /* TTGameModel+NestedTypes.swift */; };
		32506D01224547C1006C76E7 /* TTGameFieldIndexConverter.swift in Sources */ = {isa = PBXBuildFile; fileRef = 3274D6F622453B990035C09C /* TTGameFieldIndexConverter.swift */; };
		32506D02224547C1006C76E7 /* TTGameFileldConverter.swift in Sources */ = {isa = PBXBuildFile; fileRef = 3274D6F522453B990035C09C /* TTGameFileldConverter.swift */; };
		3274D6F722453B9A0035C09C /* TTGameFileldConverter.swift in Sources */ = {isa = PBXBuildFile; fileRef = 3274D6F522453B990035C09C /* TTGameFileldConverter.swift */; };
		3274D6F822453B9A0035C09C /* TTGameFieldIndexConverter.swift in Sources */ = {isa = PBXBuildFile; fileRef = 3274D6F622453B990035C09C /* TTGameFieldIndexConverter.swift */; };
		329D540D224B79B600FFAB67 /* TTCalculationGameAI.swift in Sources */ = {isa = PBXBuildFile; fileRef = 329D540C224B79B600FFAB67 /* TTCalculationGameAI.swift */; };
		329D540F224B7B1A00FFAB67 /* TTGameStepResultCalculator.swift in Sources */ = {isa = PBXBuildFile; fileRef = 329D540E224B7B1A00FFAB67 /* TTGameStepResultCalculator.swift */; };
		329D5412224B7EC600FFAB67 /* TTGameAI.swift in Sources */ = {isa = PBXBuildFile; fileRef = 329D5411224B7EC600FFAB67 /* TTGameAI.swift */; };
		32BD40EA224B9F99003B8198 /* TTGameStepResultCalculator.swift in Sources */ = {isa = PBXBuildFile; fileRef = 329D540E224B7B1A00FFAB67 /* TTGameStepResultCalculator.swift */; };
		A69D4DE01CE473DE00E4E9BC /* AppDelegate.swift in Sources */ = {isa = PBXBuildFile; fileRef = A69D4DDF1CE473DE00E4E9BC /* AppDelegate.swift */; };
		A69D4DE21CE473DE00E4E9BC /* ViewController.swift in Sources */ = {isa = PBXBuildFile; fileRef = A69D4DE11CE473DE00E4E9BC /* ViewController.swift */; };
		A69D4DE51CE473DE00E4E9BC /* Main.storyboard in Resources */ = {isa = PBXBuildFile; fileRef = A69D4DE31CE473DE00E4E9BC /* Main.storyboard */; };
		A69D4DE71CE473DE00E4E9BC /* Assets.xcassets in Resources */ = {isa = PBXBuildFile; fileRef = A69D4DE61CE473DE00E4E9BC /* Assets.xcassets */; };
		A69D4DEA1CE473DE00E4E9BC /* LaunchScreen.storyboard in Resources */ = {isa = PBXBuildFile; fileRef = A69D4DE81CE473DE00E4E9BC /* LaunchScreen.storyboard */; };
		A69D4DF21CE477DC00E4E9BC /* TTSpritesFactory.swift in Sources */ = {isa = PBXBuildFile; fileRef = A69D4DF11CE477DC00E4E9BC /* TTSpritesFactory.swift */; };
		A6A6F6AF1E66E62000D1BADF /* TTFieldView.swift in Sources */ = {isa = PBXBuildFile; fileRef = A6A6F6AE1E66E62000D1BADF /* TTFieldView.swift */; };
		A6EBBCCF1E674989008CC914 /* TTGameController.swift in Sources */ = {isa = PBXBuildFile; fileRef = A6EBBCCE1E674989008CC914 /* TTGameController.swift */; };
		A6EBBCD11E674EB1008CC914 /* TTGameModel.swift in Sources */ = {isa = PBXBuildFile; fileRef = A6EBBCD01E674EB1008CC914 /* TTGameModel.swift */; };
		A6EBBCD31E675480008CC914 /* TTMLPoweredGameAI.swift in Sources */ = {isa = PBXBuildFile; fileRef = A6EBBCD21E675480008CC914 /* TTMLPoweredGameAI.swift */; };
/* End PBXBuildFile section */

/* Begin PBXFileReference section */
		32065E2B2194C9B200A29263 /* TTGameModel+NestedTypes.swift */ = {isa = PBXFileReference; lastKnownFileType = sourcecode.swift; path = "TTGameModel+NestedTypes.swift"; sourceTree = "<group>"; };
		3249ADE72247A308006BC44B /* MLStepCostPredictor.mlmodel */ = {isa = PBXFileReference; lastKnownFileType = file.mlmodel; path = MLStepCostPredictor.mlmodel; sourceTree = "<group>"; };
		32506CF7224547B5006C76E7 /* ModelBridge.framework */ = {isa = PBXFileReference; explicitFileType = wrapper.framework; includeInIndex = 0; path = ModelBridge.framework; sourceTree = BUILT_PRODUCTS_DIR; };
		32506CF9224547B5006C76E7 /* ModelBridge.h */ = {isa = PBXFileReference; lastKnownFileType = sourcecode.c.h; path = ModelBridge.h; sourceTree = "<group>"; };
		32506CFA224547B5006C76E7 /* Info.plist */ = {isa = PBXFileReference; lastKnownFileType = text.plist.xml; path = Info.plist; sourceTree = "<group>"; };
		3274D6F522453B990035C09C /* TTGameFileldConverter.swift */ = {isa = PBXFileReference; lastKnownFileType = sourcecode.swift; path = TTGameFileldConverter.swift; sourceTree = "<group>"; };
		3274D6F622453B990035C09C /* TTGameFieldIndexConverter.swift */ = {isa = PBXFileReference; lastKnownFileType = sourcecode.swift; path = TTGameFieldIndexConverter.swift; sourceTree = "<group>"; };
		329D540C224B79B600FFAB67 /* TTCalculationGameAI.swift */ = {isa = PBXFileReference; lastKnownFileType = sourcecode.swift; path = TTCalculationGameAI.swift; sourceTree = "<group>"; };
		329D540E224B7B1A00FFAB67 /* TTGameStepResultCalculator.swift */ = {isa = PBXFileReference; lastKnownFileType = sourcecode.swift; path = TTGameStepResultCalculator.swift; sourceTree = "<group>"; };
		329D5411224B7EC600FFAB67 /* TTGameAI.swift */ = {isa = PBXFileReference; lastKnownFileType = sourcecode.swift; path = TTGameAI.swift; sourceTree = "<group>"; };
		A69D4DDC1CE473DE00E4E9BC /* Tic-tac-toe.app */ = {isa = PBXFileReference; explicitFileType = wrapper.application; includeInIndex = 0; path = "Tic-tac-toe.app"; sourceTree = BUILT_PRODUCTS_DIR; };
		A69D4DDF1CE473DE00E4E9BC /* AppDelegate.swift */ = {isa = PBXFileReference; lastKnownFileType = sourcecode.swift; path = AppDelegate.swift; sourceTree = "<group>"; };
		A69D4DE11CE473DE00E4E9BC /* ViewController.swift */ = {isa = PBXFileReference; lastKnownFileType = sourcecode.swift; path = ViewController.swift; sourceTree = "<group>"; };
		A69D4DE41CE473DE00E4E9BC /* Base */ = {isa = PBXFileReference; lastKnownFileType = file.storyboard; name = Base; path = Base.lproj/Main.storyboard; sourceTree = "<group>"; };
		A69D4DE61CE473DE00E4E9BC /* Assets.xcassets */ = {isa = PBXFileReference; lastKnownFileType = folder.assetcatalog; path = Assets.xcassets; sourceTree = "<group>"; };
		A69D4DE91CE473DE00E4E9BC /* Base */ = {isa = PBXFileReference; lastKnownFileType = file.storyboard; name = Base; path = Base.lproj/LaunchScreen.storyboard; sourceTree = "<group>"; };
		A69D4DEB1CE473DE00E4E9BC /* Info.plist */ = {isa = PBXFileReference; lastKnownFileType = text.plist.xml; path = Info.plist; sourceTree = "<group>"; };
		A69D4DF11CE477DC00E4E9BC /* TTSpritesFactory.swift */ = {isa = PBXFileReference; fileEncoding = 4; lastKnownFileType = sourcecode.swift; path = TTSpritesFactory.swift; sourceTree = "<group>"; };
		A6A6F6AE1E66E62000D1BADF /* TTFieldView.swift */ = {isa = PBXFileReference; fileEncoding = 4; lastKnownFileType = sourcecode.swift; path = TTFieldView.swift; sourceTree = "<group>"; };
		A6EBBCCE1E674989008CC914 /* TTGameController.swift */ = {isa = PBXFileReference; fileEncoding = 4; lastKnownFileType = sourcecode.swift; path = TTGameController.swift; sourceTree = "<group>"; };
		A6EBBCD01E674EB1008CC914 /* TTGameModel.swift */ = {isa = PBXFileReference; fileEncoding = 4; lastKnownFileType = sourcecode.swift; path = TTGameModel.swift; sourceTree = "<group>"; };
		A6EBBCD21E675480008CC914 /* TTMLPoweredGameAI.swift */ = {isa = PBXFileReference; fileEncoding = 4; lastKnownFileType = sourcecode.swift; path = TTMLPoweredGameAI.swift; sourceTree = "<group>"; };
/* End PBXFileReference section */

/* Begin PBXFrameworksBuildPhase section */
		32506CF4224547B5006C76E7 /* Frameworks */ = {
			isa = PBXFrameworksBuildPhase;
			buildActionMask = 2147483647;
			files = (
			);
			runOnlyForDeploymentPostprocessing = 0;
		};
		A69D4DD91CE473DE00E4E9BC /* Frameworks */ = {
			isa = PBXFrameworksBuildPhase;
			buildActionMask = 2147483647;
			files = (
			);
			runOnlyForDeploymentPostprocessing = 0;
		};
/* End PBXFrameworksBuildPhase section */

/* Begin PBXGroup section */
		32065E262194BEBE00A29263 /* Model */ = {
			isa = PBXGroup;
			children = (
				329D5413224B7EE700FFAB67 /* AI */,
				A6EBBCD01E674EB1008CC914 /* TTGameModel.swift */,
				32065E2B2194C9B200A29263 /* TTGameModel+NestedTypes.swift */,
				A6EBBCCE1E674989008CC914 /* TTGameController.swift */,
				3274D6F622453B990035C09C /* TTGameFieldIndexConverter.swift */,
				3274D6F522453B990035C09C /* TTGameFileldConverter.swift */,
			);
			path = Model;
			sourceTree = "<group>";
		};
		32506CF8224547B5006C76E7 /* ModelBridge */ = {
			isa = PBXGroup;
			children = (
				32506CF9224547B5006C76E7 /* ModelBridge.h */,
				32506CFA224547B5006C76E7 /* Info.plist */,
			);
			path = ModelBridge;
			sourceTree = "<group>";
		};
		329D5413224B7EE700FFAB67 /* AI */ = {
			isa = PBXGroup;
			children = (
				329D5411224B7EC600FFAB67 /* TTGameAI.swift */,
				3249ADE72247A308006BC44B /* MLStepCostPredictor.mlmodel */,
				A6EBBCD21E675480008CC914 /* TTMLPoweredGameAI.swift */,
				329D540C224B79B600FFAB67 /* TTCalculationGameAI.swift */,
				329D540E224B7B1A00FFAB67 /* TTGameStepResultCalculator.swift */,
			);
			path = AI;
			sourceTree = "<group>";
		};
		A69D4DD31CE473DE00E4E9BC = {
			isa = PBXGroup;
			children = (
				A69D4DDE1CE473DE00E4E9BC /* Tic-tac-toe */,
				32506CF8224547B5006C76E7 /* ModelBridge */,
				A69D4DDD1CE473DE00E4E9BC /* Products */,
			);
			sourceTree = "<group>";
		};
		A69D4DDD1CE473DE00E4E9BC /* Products */ = {
			isa = PBXGroup;
			children = (
				A69D4DDC1CE473DE00E4E9BC /* Tic-tac-toe.app */,
				32506CF7224547B5006C76E7 /* ModelBridge.framework */,
			);
			name = Products;
			sourceTree = "<group>";
		};
		A69D4DDE1CE473DE00E4E9BC /* Tic-tac-toe */ = {
			isa = PBXGroup;
			children = (
				32065E262194BEBE00A29263 /* Model */,
				A6A6F6AE1E66E62000D1BADF /* TTFieldView.swift */,
				A69D4DF11CE477DC00E4E9BC /* TTSpritesFactory.swift */,
				A69D4DDF1CE473DE00E4E9BC /* AppDelegate.swift */,
				A69D4DE11CE473DE00E4E9BC /* ViewController.swift */,
				A69D4DE31CE473DE00E4E9BC /* Main.storyboard */,
				A69D4DE61CE473DE00E4E9BC /* Assets.xcassets */,
				A69D4DE81CE473DE00E4E9BC /* LaunchScreen.storyboard */,
				A69D4DEB1CE473DE00E4E9BC /* Info.plist */,
			);
			path = "Tic-tac-toe";
			sourceTree = "<group>";
		};
/* End PBXGroup section */

/* Begin PBXHeadersBuildPhase section */
		32506CF2224547B5006C76E7 /* Headers */ = {
			isa = PBXHeadersBuildPhase;
			buildActionMask = 2147483647;
			files = (
				32506CFB224547B5006C76E7 /* ModelBridge.h in Headers */,
			);
			runOnlyForDeploymentPostprocessing = 0;
		};
/* End PBXHeadersBuildPhase section */

/* Begin PBXNativeTarget section */
		32506CF6224547B5006C76E7 /* ModelBridge */ = {
			isa = PBXNativeTarget;
			buildConfigurationList = 32506CFC224547B5006C76E7 /* Build configuration list for PBXNativeTarget "ModelBridge" */;
			buildPhases = (
				32506CF2224547B5006C76E7 /* Headers */,
				32506CF3224547B5006C76E7 /* Sources */,
				32506CF4224547B5006C76E7 /* Frameworks */,
				32506CF5224547B5006C76E7 /* Resources */,
			);
			buildRules = (
			);
			dependencies = (
			);
			name = ModelBridge;
			productName = ModelBridge;
			productReference = 32506CF7224547B5006C76E7 /* ModelBridge.framework */;
			productType = "com.apple.product-type.framework";
		};
		A69D4DDB1CE473DE00E4E9BC /* Tic-tac-toe */ = {
			isa = PBXNativeTarget;
			buildConfigurationList = A69D4DEE1CE473DE00E4E9BC /* Build configuration list for PBXNativeTarget "Tic-tac-toe" */;
			buildPhases = (
				A69D4DD81CE473DE00E4E9BC /* Sources */,
				A69D4DD91CE473DE00E4E9BC /* Frameworks */,
				A69D4DDA1CE473DE00E4E9BC /* Resources */,
			);
			buildRules = (
			);
			dependencies = (
			);
			name = "Tic-tac-toe";
			productName = "Tic-tac-toe";
			productReference = A69D4DDC1CE473DE00E4E9BC /* Tic-tac-toe.app */;
			productType = "com.apple.product-type.application";
		};
/* End PBXNativeTarget section */

/* Begin PBXProject section */
		A69D4DD41CE473DE00E4E9BC /* Project object */ = {
			isa = PBXProject;
			attributes = {
				CLASSPREFIX = TT;
				LastSwiftUpdateCheck = 0730;
				LastUpgradeCheck = 1010;
				ORGANIZATIONNAME = dplatov;
				TargetAttributes = {
					32506CF6224547B5006C76E7 = {
						CreatedOnToolsVersion = 10.1;
						DevelopmentTeam = TR2QW27HUU;
						ProvisioningStyle = Automatic;
					};
					A69D4DDB1CE473DE00E4E9BC = {
						CreatedOnToolsVersion = 7.3;
						DevelopmentTeam = TR2QW27HUU;
						LastSwiftMigration = 0820;
					};
				};
			};
			buildConfigurationList = A69D4DD71CE473DE00E4E9BC /* Build configuration list for PBXProject "Tic-tac-toe" */;
			compatibilityVersion = "Xcode 3.2";
			developmentRegion = English;
			hasScannedForEncodings = 0;
			knownRegions = (
				en,
				Base,
			);
			mainGroup = A69D4DD31CE473DE00E4E9BC;
			productRefGroup = A69D4DDD1CE473DE00E4E9BC /* Products */;
			projectDirPath = "";
			projectRoot = "";
			targets = (
				A69D4DDB1CE473DE00E4E9BC /* Tic-tac-toe */,
				32506CF6224547B5006C76E7 /* ModelBridge */,
			);
		};
/* End PBXProject section */

/* Begin PBXResourcesBuildPhase section */
		32506CF5224547B5006C76E7 /* Resources */ = {
			isa = PBXResourcesBuildPhase;
			buildActionMask = 2147483647;
			files = (
			);
			runOnlyForDeploymentPostprocessing = 0;
		};
		A69D4DDA1CE473DE00E4E9BC /* Resources */ = {
			isa = PBXResourcesBuildPhase;
			buildActionMask = 2147483647;
			files = (
				A69D4DEA1CE473DE00E4E9BC /* LaunchScreen.storyboard in Resources */,
				A69D4DE71CE473DE00E4E9BC /* Assets.xcassets in Resources */,
				A69D4DE51CE473DE00E4E9BC /* Main.storyboard in Resources */,
			);
			runOnlyForDeploymentPostprocessing = 0;
		};
/* End PBXResourcesBuildPhase section */

/* Begin PBXSourcesBuildPhase section */
		32506CF3224547B5006C76E7 /* Sources */ = {
			isa = PBXSourcesBuildPhase;
			buildActionMask = 2147483647;
			files = (
				32BD40EA224B9F99003B8198 /* TTGameStepResultCalculator.swift in Sources */,
				32506D02224547C1006C76E7 /* TTGameFileldConverter.swift in Sources */,
				32506D01224547C1006C76E7 /* TTGameFieldIndexConverter.swift in Sources */,
				32506D00224547C1006C76E7 /* TTGameModel+NestedTypes.swift in Sources */,
				32506CFF224547C1006C76E7 /* TTGameModel.swift in Sources */,
			);
			runOnlyForDeploymentPostprocessing = 0;
		};
		A69D4DD81CE473DE00E4E9BC /* Sources */ = {
			isa = PBXSourcesBuildPhase;
			buildActionMask = 2147483647;
			files = (
				3274D6F722453B9A0035C09C /* TTGameFileldConverter.swift in Sources */,
				A69D4DE21CE473DE00E4E9BC /* ViewController.swift in Sources */,
				A69D4DE01CE473DE00E4E9BC /* AppDelegate.swift in Sources */,
				A69D4DF21CE477DC00E4E9BC /* TTSpritesFactory.swift in Sources */,
				3249ADE82247A308006BC44B /* MLStepCostPredictor.mlmodel in Sources */,
				A6EBBCD31E675480008CC914 /* TTMLPoweredGameAI.swift in Sources */,
				32065E2C2194C9B200A29263 /* TTGameModel+NestedTypes.swift in Sources */,
				A6EBBCD11E674EB1008CC914 /* TTGameModel.swift in Sources */,
				329D540F224B7B1A00FFAB67 /* TTGameStepResultCalculator.swift in Sources */,
				329D5412224B7EC600FFAB67 /* TTGameAI.swift in Sources */,
				A6EBBCCF1E674989008CC914 /* TTGameController.swift in Sources */,
				3274D6F822453B9A0035C09C /* TTGameFieldIndexConverter.swift in Sources */,
				A6A6F6AF1E66E62000D1BADF /* TTFieldView.swift in Sources */,
				329D540D224B79B600FFAB67 /* TTCalculationGameAI.swift in Sources */,
			);
			runOnlyForDeploymentPostprocessing = 0;
		};
/* End PBXSourcesBuildPhase section */

/* Begin PBXVariantGroup section */
		A69D4DE31CE473DE00E4E9BC /* Main.storyboard */ = {
			isa = PBXVariantGroup;
			children = (
				A69D4DE41CE473DE00E4E9BC /* Base */,
			);
			name = Main.storyboard;
			sourceTree = "<group>";
		};
		A69D4DE81CE473DE00E4E9BC /* LaunchScreen.storyboard */ = {
			isa = PBXVariantGroup;
			children = (
				A69D4DE91CE473DE00E4E9BC /* Base */,
			);
			name = LaunchScreen.storyboard;
			sourceTree = "<group>";
		};
/* End PBXVariantGroup section */

/* Begin XCBuildConfiguration section */
		32506CFD224547B5006C76E7 /* Debug */ = {
			isa = XCBuildConfiguration;
			buildSettings = {
				CLANG_ANALYZER_NUMBER_OBJECT_CONVERSION = YES_AGGRESSIVE;
				CLANG_CXX_LANGUAGE_STANDARD = "gnu++14";
				CLANG_ENABLE_OBJC_WEAK = YES;
				CLANG_WARN_DOCUMENTATION_COMMENTS = YES;
				CLANG_WARN_UNGUARDED_AVAILABILITY = YES_AGGRESSIVE;
				CODE_SIGN_IDENTITY = "Mac Developer";
				CODE_SIGN_STYLE = Automatic;
				COMBINE_HIDPI_IMAGES = YES;
				CURRENT_PROJECT_VERSION = 1;
				DEFINES_MODULE = YES;
				DEVELOPMENT_TEAM = TR2QW27HUU;
				DYLIB_COMPATIBILITY_VERSION = 1;
				DYLIB_CURRENT_VERSION = 1;
				DYLIB_INSTALL_NAME_BASE = "@rpath";
				FRAMEWORK_VERSION = A;
				GCC_C_LANGUAGE_STANDARD = gnu11;
				INFOPLIST_FILE = ModelBridge/Info.plist;
				INSTALL_PATH = "$(LOCAL_LIBRARY_DIR)/Frameworks";
				LD_RUNPATH_SEARCH_PATHS = "$(inherited) @executable_path/../Frameworks @loader_path/Frameworks";
				MTL_ENABLE_DEBUG_INFO = INCLUDE_SOURCE;
				MTL_FAST_MATH = YES;
				PRODUCT_BUNDLE_IDENTIFIER = dplatov.ModelBridge;
				PRODUCT_NAME = "$(TARGET_NAME:c99extidentifier)";
				SDKROOT = macosx;
				SKIP_INSTALL = YES;
				SWIFT_ACTIVE_COMPILATION_CONDITIONS = DEBUG;
				SWIFT_VERSION = 4.2;
				VERSIONING_SYSTEM = "apple-generic";
				VERSION_INFO_PREFIX = "";
			};
			name = Debug;
		};
		32506CFE224547B5006C76E7 /* Release */ = {
			isa = XCBuildConfiguration;
			buildSettings = {
				CLANG_ANALYZER_NUMBER_OBJECT_CONVERSION = YES_AGGRESSIVE;
				CLANG_CXX_LANGUAGE_STANDARD = "gnu++14";
				CLANG_ENABLE_OBJC_WEAK = YES;
				CLANG_WARN_DOCUMENTATION_COMMENTS = YES;
				CLANG_WARN_UNGUARDED_AVAILABILITY = YES_AGGRESSIVE;
				CODE_SIGN_IDENTITY = "Mac Developer";
				CODE_SIGN_STYLE = Automatic;
				COMBINE_HIDPI_IMAGES = YES;
				CURRENT_PROJECT_VERSION = 1;
				DEFINES_MODULE = YES;
				DEVELOPMENT_TEAM = TR2QW27HUU;
				DYLIB_COMPATIBILITY_VERSION = 1;
				DYLIB_CURRENT_VERSION = 1;
				DYLIB_INSTALL_NAME_BASE = "@rpath";
				FRAMEWORK_VERSION = A;
				GCC_C_LANGUAGE_STANDARD = gnu11;
				INFOPLIST_FILE = ModelBridge/Info.plist;
				INSTALL_PATH = "$(LOCAL_LIBRARY_DIR)/Frameworks";
				LD_RUNPATH_SEARCH_PATHS = "$(inherited) @executable_path/../Frameworks @loader_path/Frameworks";
				MTL_FAST_MATH = YES;
				PRODUCT_BUNDLE_IDENTIFIER = dplatov.ModelBridge;
				PRODUCT_NAME = "$(TARGET_NAME:c99extidentifier)";
				SDKROOT = macosx;
				SKIP_INSTALL = YES;
				SWIFT_VERSION = 4.2;
				VERSIONING_SYSTEM = "apple-generic";
				VERSION_INFO_PREFIX = "";
			};
			name = Release;
		};
		A69D4DEC1CE473DE00E4E9BC /* Debug */ = {
			isa = XCBuildConfiguration;
			buildSettings = {
				ALWAYS_SEARCH_USER_PATHS = NO;
				CLANG_ANALYZER_NONNULL = YES;
				CLANG_CXX_LANGUAGE_STANDARD = "gnu++0x";
				CLANG_CXX_LIBRARY = "libc++";
				CLANG_ENABLE_MODULES = YES;
				CLANG_ENABLE_OBJC_ARC = YES;
				CLANG_WARN_BLOCK_CAPTURE_AUTORELEASING = YES;
				CLANG_WARN_BOOL_CONVERSION = YES;
				CLANG_WARN_COMMA = YES;
				CLANG_WARN_CONSTANT_CONVERSION = YES;
				CLANG_WARN_DEPRECATED_OBJC_IMPLEMENTATIONS = YES;
				CLANG_WARN_DIRECT_OBJC_ISA_USAGE = YES_ERROR;
				CLANG_WARN_EMPTY_BODY = YES;
				CLANG_WARN_ENUM_CONVERSION = YES;
				CLANG_WARN_INFINITE_RECURSION = YES;
				CLANG_WARN_INT_CONVERSION = YES;
				CLANG_WARN_NON_LITERAL_NULL_CONVERSION = YES;
				CLANG_WARN_OBJC_IMPLICIT_RETAIN_SELF = YES;
				CLANG_WARN_OBJC_LITERAL_CONVERSION = YES;
				CLANG_WARN_OBJC_ROOT_CLASS = YES_ERROR;
				CLANG_WARN_RANGE_LOOP_ANALYSIS = YES;
				CLANG_WARN_STRICT_PROTOTYPES = YES;
				CLANG_WARN_SUSPICIOUS_MOVE = YES;
				CLANG_WARN_UNREACHABLE_CODE = YES;
				CLANG_WARN__DUPLICATE_METHOD_MATCH = YES;
				"CODE_SIGN_IDENTITY[sdk=iphoneos*]" = "iPhone Developer";
				COPY_PHASE_STRIP = NO;
				DEBUG_INFORMATION_FORMAT = dwarf;
				ENABLE_STRICT_OBJC_MSGSEND = YES;
				ENABLE_TESTABILITY = YES;
				GCC_C_LANGUAGE_STANDARD = gnu99;
				GCC_DYNAMIC_NO_PIC = NO;
				GCC_NO_COMMON_BLOCKS = YES;
				GCC_OPTIMIZATION_LEVEL = 0;
				GCC_PREPROCESSOR_DEFINITIONS = (
					"DEBUG=1",
					"$(inherited)",
				);
				GCC_WARN_64_TO_32_BIT_CONVERSION = YES;
				GCC_WARN_ABOUT_RETURN_TYPE = YES_ERROR;
				GCC_WARN_UNDECLARED_SELECTOR = YES;
				GCC_WARN_UNINITIALIZED_AUTOS = YES_AGGRESSIVE;
				GCC_WARN_UNUSED_FUNCTION = YES;
				GCC_WARN_UNUSED_VARIABLE = YES;
				MTL_ENABLE_DEBUG_INFO = YES;
				ONLY_ACTIVE_ARCH = YES;
				SDKROOT = iphoneos;
				SWIFT_OPTIMIZATION_LEVEL = "-Onone";
			};
			name = Debug;
		};
		A69D4DED1CE473DE00E4E9BC /* Release */ = {
			isa = XCBuildConfiguration;
			buildSettings = {
				ALWAYS_SEARCH_USER_PATHS = NO;
				CLANG_ANALYZER_NONNULL = YES;
				CLANG_CXX_LANGUAGE_STANDARD = "gnu++0x";
				CLANG_CXX_LIBRARY = "libc++";
				CLANG_ENABLE_MODULES = YES;
				CLANG_ENABLE_OBJC_ARC = YES;
				CLANG_WARN_BLOCK_CAPTURE_AUTORELEASING = YES;
				CLANG_WARN_BOOL_CONVERSION = YES;
				CLANG_WARN_COMMA = YES;
				CLANG_WARN_CONSTANT_CONVERSION = YES;
				CLANG_WARN_DEPRECATED_OBJC_IMPLEMENTATIONS = YES;
				CLANG_WARN_DIRECT_OBJC_ISA_USAGE = YES_ERROR;
				CLANG_WARN_EMPTY_BODY = YES;
				CLANG_WARN_ENUM_CONVERSION = YES;
				CLANG_WARN_INFINITE_RECURSION = YES;
				CLANG_WARN_INT_CONVERSION = YES;
				CLANG_WARN_NON_LITERAL_NULL_CONVERSION = YES;
				CLANG_WARN_OBJC_IMPLICIT_RETAIN_SELF = YES;
				CLANG_WARN_OBJC_LITERAL_CONVERSION = YES;
				CLANG_WARN_OBJC_ROOT_CLASS = YES_ERROR;
				CLANG_WARN_RANGE_LOOP_ANALYSIS = YES;
				CLANG_WARN_STRICT_PROTOTYPES = YES;
				CLANG_WARN_SUSPICIOUS_MOVE = YES;
				CLANG_WARN_UNREACHABLE_CODE = YES;
				CLANG_WARN__DUPLICATE_METHOD_MATCH = YES;
				"CODE_SIGN_IDENTITY[sdk=iphoneos*]" = "iPhone Developer";
				COPY_PHASE_STRIP = NO;
				DEBUG_INFORMATION_FORMAT = "dwarf-with-dsym";
				ENABLE_NS_ASSERTIONS = NO;
				ENABLE_STRICT_OBJC_MSGSEND = YES;
				GCC_C_LANGUAGE_STANDARD = gnu99;
				GCC_NO_COMMON_BLOCKS = YES;
				GCC_WARN_64_TO_32_BIT_CONVERSION = YES;
				GCC_WARN_ABOUT_RETURN_TYPE = YES_ERROR;
				GCC_WARN_UNDECLARED_SELECTOR = YES;
				GCC_WARN_UNINITIALIZED_AUTOS = YES_AGGRESSIVE;
				GCC_WARN_UNUSED_FUNCTION = YES;
				GCC_WARN_UNUSED_VARIABLE = YES;
				MTL_ENABLE_DEBUG_INFO = NO;
				SDKROOT = iphoneos;
				SWIFT_OPTIMIZATION_LEVEL = "-Owholemodule";
				VALIDATE_PRODUCT = YES;
			};
			name = Release;
		};
		A69D4DEF1CE473DE00E4E9BC /* Debug */ = {
			isa = XCBuildConfiguration;
			buildSettings = {
				ASSETCATALOG_COMPILER_APPICON_NAME = AppIcon;
				CODE_SIGN_IDENTITY = "iPhone Developer";
				"CODE_SIGN_IDENTITY[sdk=iphoneos*]" = "iPhone Developer";
				DEVELOPMENT_TEAM = TR2QW27HUU;
				INFOPLIST_FILE = "Tic-tac-toe/Info.plist";
				IPHONEOS_DEPLOYMENT_TARGET = 11;
				LD_RUNPATH_SEARCH_PATHS = "$(inherited) @executable_path/Frameworks";
				PRODUCT_BUNDLE_IDENTIFIER = "com.dmytroplatov.tic-tac-toe";
				PRODUCT_NAME = "$(TARGET_NAME)";
				PROVISIONING_PROFILE = "";
				SWIFT_VERSION = 4.2;
			};
			name = Debug;
		};
		A69D4DF01CE473DE00E4E9BC /* Release */ = {
			isa = XCBuildConfiguration;
			buildSettings = {
				ASSETCATALOG_COMPILER_APPICON_NAME = AppIcon;
				CODE_SIGN_IDENTITY = "iPhone Developer";
				"CODE_SIGN_IDENTITY[sdk=iphoneos*]" = "iPhone Developer";
				DEVELOPMENT_TEAM = TR2QW27HUU;
				INFOPLIST_FILE = "Tic-tac-toe/Info.plist";
				IPHONEOS_DEPLOYMENT_TARGET = 11;
				LD_RUNPATH_SEARCH_PATHS = "$(inherited) @executable_path/Frameworks";
				PRODUCT_BUNDLE_IDENTIFIER = "com.dmytroplatov.tic-tac-toe";
				PRODUCT_NAME = "$(TARGET_NAME)";
				PROVISIONING_PROFILE = "";
				SWIFT_VERSION = 4.2;
			};
			name = Release;
		};
/* End XCBuildConfiguration section */

/* Begin XCConfigurationList section */
		32506CFC224547B5006C76E7 /* Build configuration list for PBXNativeTarget "ModelBridge" */ = {
			isa = XCConfigurationList;
			buildConfigurations = (
				32506CFD224547B5006C76E7 /* Debug */,
				32506CFE224547B5006C76E7 /* Release */,
			);
			defaultConfigurationIsVisible = 0;
			defaultConfigurationName = Release;
		};
		A69D4DD71CE473DE00E4E9BC /* Build configuration list for PBXProject "Tic-tac-toe" */ = {
			isa = XCConfigurationList;
			buildConfigurations = (
				A69D4DEC1CE473DE00E4E9BC /* Debug */,
				A69D4DED1CE473DE00E4E9BC /* Release */,
			);
			defaultConfigurationIsVisible = 0;
			defaultConfigurationName = Release;
		};
		A69D4DEE1CE473DE00E4E9BC /* Build configuration list for PBXNativeTarget "Tic-tac-toe" */ = {
			isa = XCConfigurationList;
			buildConfigurations = (
				A69D4DEF1CE473DE00E4E9BC /* Debug */,
				A69D4DF01CE473DE00E4E9BC /* Release */,
			);
			defaultConfigurationIsVisible = 0;
			defaultConfigurationName = Release;
		};
/* End XCConfigurationList section */
	};
	rootObject = A69D4DD41CE473DE00E4E9BC /* Project object */;
}
